
Microsoft Visual Studio Solution File, Format Version 12.00
# Visual Studio Version 17
VisualStudioVersion = 17.1.32414.318
MinimumVisualStudioVersion = 10.0.40219.1
Project("{FAE04EC0-301F-11D3-BF4B-00C04F79EFBC}") = "FunctionDataverseTrial", "FunctionDataverseTrial\FunctionDataverseTrial.csproj", "{C7BFA08F-13FB-404A-9C50-A85353F22FE0}"
EndProject
Project("{FAE04EC0-301F-11D3-BF4B-00C04F79EFBC}") = "FunctionDataverseTrial.Tests", "FunctionDataverseTrial.Tests\FunctionDataverseTrial.Tests.csproj", "{D5ECEED5-A3D3-42BD-AFCF-F3A49C268CF9}"
EndProject
Global
	GlobalSection(SolutionConfigurationPlatforms) = preSolution
		Debug|Any CPU = Debug|Any CPU
		Release|Any CPU = Release|Any CPU
	EndGlobalSection
	GlobalSection(ProjectConfigurationPlatforms) = postSolution
		{C7BFA08F-13FB-404A-9C50-A85353F22FE0}.Debug|Any CPU.ActiveCfg = Debug|Any CPU
		{C7BFA08F-13FB-404A-9C50-A85353F22FE0}.Debug|Any CPU.Build.0 = Debug|Any CPU
		{C7BFA08F-13FB-404A-9C50-A85353F22FE0}.Release|Any CPU.ActiveCfg = Release|Any CPU
		{C7BFA08F-13FB-404A-9C50-A85353F22FE0}.Release|Any CPU.Build.0 = Release|Any CPU
		{D5ECEED5-A3D3-42BD-AFCF-F3A49C268CF9}.Debug|Any CPU.ActiveCfg = Debug|Any CPU
		{D5ECEED5-A3D3-42BD-AFCF-F3A49C268CF9}.Debug|Any CPU.Build.0 = Debug|Any CPU
		{D5ECEED5-A3D3-42BD-AFCF-F3A49C268CF9}.Release|Any CPU.ActiveCfg = Release|Any CPU
		{D5ECEED5-A3D3-42BD-AFCF-F3A49C268CF9}.Release|Any CPU.Build.0 = Release|Any CPU
	EndGlobalSection
	GlobalSection(SolutionProperties) = preSolution
		HideSolutionNode = FALSE
	EndGlobalSection
	GlobalSection(ExtensibilityGlobals) = postSolution
		SolutionGuid = {F7AC87F8-7A60-4C29-946B-98801C8EDD1D}
	EndGlobalSection
EndGlobal
